{
  "nodes": {
    "nixpkgs": {
      "locked": {
        "lastModified": 1731523737,
        "narHash": "sha256-bmY8ENdk2iQveZe4mIp+MIcFzLk6DQ21gtKF39lDFVc=",
        "owner": "nixos",
        "repo": "nixpkgs",
        "rev": "02c2c29c7bc30b1fcfcf4c6ebd0416d3be51f2ee",
        "type": "github"
      },
      "original": {
        "owner": "nixos",
        "ref": "release-24.05",
        "repo": "nixpkgs",
        "type": "github"
      }
    },
    "root": {
      "inputs": {
        "nixpkgs": "nixpkgs",
        "rust": "rust"
      }
    },
    "rust": {
      "inputs": {
        "nixpkgs": [
          "nixpkgs"
        ]
      },
      "locked": {
        "lastModified": 1731464916,
        "narHash": "sha256-WZ5rpjr/wCt7yBOUsvDE2i22hYz9g8W921jlwVktRQ4=",
        "owner": "oxalica",
        "repo": "rust-overlay",
        "rev": "2c19bad6e881b5a154cafb7f9106879b5b356d1f",
        "type": "github"
      },
      "original": {
        "owner": "oxalica",
        "repo": "rust-overlay",
        "type": "github"
      }
    }
  },
  "root": "root",
  "version": 7
}
